
Microsoft Visual Studio Solution File, Format Version 9.00
# Visual Studio 2005
Project("{FAE04EC0-301F-11D3-BF4B-00C04F79EFBC}") = "BaseControls", "BaseControls\BaseControls.csproj", "{701A14E0-D0AA-4D88-8DA2-73DDEF114FFA}"
EndProject
Project("{FAE04EC0-301F-11D3-BF4B-00C04F79EFBC}") = "DALFactory", "DALFactory\DALFactory.csproj", "{58205108-87E3-45AB-9896-FC03B55DF0AE}"
EndProject
Project("{FAE04EC0-301F-11D3-BF4B-00C04F79EFBC}") = "ILL", "ILL\ILL.csproj", "{5DA32294-A6DF-4176-B142-0A6089120E15}"
EndProject
Project("{FAE04EC0-301F-11D3-BF4B-00C04F79EFBC}") = "JW_Model", "JW_Model\JW_Model.csproj", "{6137B8B4-9FC5-452E-AA16-3EE66DEB3108}"
EndProject
Project("{FAE04EC0-301F-11D3-BF4B-00C04F79EFBC}") = "PACS_DAL", "PACS_DAL\PACS_DAL.csproj", "{420B6D36-79E0-458A-9A77-3951D3B14DDA}"
EndProject
Project("{FAE04EC0-301F-11D3-BF4B-00C04F79EFBC}") = "PACS_Model", "PACS_Model\PACS_Model.csproj", "{5FF3846D-2823-49CA-980D-67D5737A366C}"
EndProject
Project("{FAE04EC0-301F-11D3-BF4B-00C04F79EFBC}") = "SIS", "SIS\SIS.csproj", "{B221A701-7C24-4FA2-8753-961F7BD314EA}"
EndProject
Project("{FAE04EC0-301F-11D3-BF4B-00C04F79EFBC}") = "SIS_BLL", "SIS_BLL\SIS_BLL.csproj", "{CDEAE3A9-5521-4EEB-8728-4B8A8A24A65E}"
EndProject
Project("{FAE04EC0-301F-11D3-BF4B-00C04F79EFBC}") = "SIS_DAL", "SIS_DAL\SIS_DAL.csproj", "{09F27A01-660F-4FD3-A603-06F3497BD43D}"
EndProject
Project("{FAE04EC0-301F-11D3-BF4B-00C04F79EFBC}") = "SIS_Function", "SIS_Function\SIS_Function.csproj", "{B03D2D43-3E66-4F12-8D88-ABBDC00295BF}"
EndProject
Project("{FAE04EC0-301F-11D3-BF4B-00C04F79EFBC}") = "SIS_Model", "SIS_Model\SIS_Model.csproj", "{591564BE-EA17-4487-827A-CBC2D908051A}"
EndProject
Project("{FAE04EC0-301F-11D3-BF4B-00C04F79EFBC}") = "Update", "Update\Update.csproj", "{8E0D409D-9532-48FA-A191-3A011600535D}"
EndProject
Project("{FAE04EC0-301F-11D3-BF4B-00C04F79EFBC}") = "ComSocket", "ComSocket\ComSocket.csproj", "{45BC373A-50C5-4DC6-9E98-F68A0D24080B}"
EndProject
Global
	GlobalSection(SolutionConfigurationPlatforms) = preSolution
		Debug|Any CPU = Debug|Any CPU
		Release|Any CPU = Release|Any CPU
	EndGlobalSection
	GlobalSection(ProjectConfigurationPlatforms) = postSolution
		{701A14E0-D0AA-4D88-8DA2-73DDEF114FFA}.Debug|Any CPU.ActiveCfg = Debug|Any CPU
		{701A14E0-D0AA-4D88-8DA2-73DDEF114FFA}.Debug|Any CPU.Build.0 = Debug|Any CPU
		{701A14E0-D0AA-4D88-8DA2-73DDEF114FFA}.Release|Any CPU.ActiveCfg = Release|Any CPU
		{701A14E0-D0AA-4D88-8DA2-73DDEF114FFA}.Release|Any CPU.Build.0 = Release|Any CPU
		{58205108-87E3-45AB-9896-FC03B55DF0AE}.Debug|Any CPU.ActiveCfg = Debug|Any CPU
		{58205108-87E3-45AB-9896-FC03B55DF0AE}.Debug|Any CPU.Build.0 = Debug|Any CPU
		{58205108-87E3-45AB-9896-FC03B55DF0AE}.Release|Any CPU.ActiveCfg = Release|Any CPU
		{58205108-87E3-45AB-9896-FC03B55DF0AE}.Release|Any CPU.Build.0 = Release|Any CPU
		{5DA32294-A6DF-4176-B142-0A6089120E15}.Debug|Any CPU.ActiveCfg = Debug|Any CPU
		{5DA32294-A6DF-4176-B142-0A6089120E15}.Debug|Any CPU.Build.0 = Debug|Any CPU
		{5DA32294-A6DF-4176-B142-0A6089120E15}.Release|Any CPU.ActiveCfg = Release|Any CPU
		{5DA32294-A6DF-4176-B142-0A6089120E15}.Release|Any CPU.Build.0 = Release|Any CPU
		{6137B8B4-9FC5-452E-AA16-3EE66DEB3108}.Debug|Any CPU.ActiveCfg = Debug|Any CPU
		{6137B8B4-9FC5-452E-AA16-3EE66DEB3108}.Debug|Any CPU.Build.0 = Debug|Any CPU
		{6137B8B4-9FC5-452E-AA16-3EE66DEB3108}.Release|Any CPU.ActiveCfg = Release|Any CPU
		{6137B8B4-9FC5-452E-AA16-3EE66DEB3108}.Release|Any CPU.Build.0 = Release|Any CPU
		{420B6D36-79E0-458A-9A77-3951D3B14DDA}.Debug|Any CPU.ActiveCfg = Debug|Any CPU
		{420B6D36-79E0-458A-9A77-3951D3B14DDA}.Debug|Any CPU.Build.0 = Debug|Any CPU
		{420B6D36-79E0-458A-9A77-3951D3B14DDA}.Release|Any CPU.ActiveCfg = Release|Any CPU
		{420B6D36-79E0-458A-9A77-3951D3B14DDA}.Release|Any CPU.Build.0 = Release|Any CPU
		{5FF3846D-2823-49CA-980D-67D5737A366C}.Debug|Any CPU.ActiveCfg = Debug|Any CPU
		{5FF3846D-2823-49CA-980D-67D5737A366C}.Debug|Any CPU.Build.0 = Debug|Any CPU
		{5FF3846D-2823-49CA-980D-67D5737A366C}.Release|Any CPU.ActiveCfg = Release|Any CPU
		{5FF3846D-2823-49CA-980D-67D5737A366C}.Release|Any CPU.Build.0 = Release|Any CPU
		{B221A701-7C24-4FA2-8753-961F7BD314EA}.Debug|Any CPU.ActiveCfg = Debug|Any CPU
		{B221A701-7C24-4FA2-8753-961F7BD314EA}.Debug|Any CPU.Build.0 = Debug|Any CPU
		{B221A701-7C24-4FA2-8753-961F7BD314EA}.Release|Any CPU.ActiveCfg = Release|Any CPU
		{B221A701-7C24-4FA2-8753-961F7BD314EA}.Release|Any CPU.Build.0 = Release|Any CPU
		{CDEAE3A9-5521-4EEB-8728-4B8A8A24A65E}.Debug|Any CPU.ActiveCfg = Debug|Any CPU
		{CDEAE3A9-5521-4EEB-8728-4B8A8A24A65E}.Debug|Any CPU.Build.0 = Debug|Any CPU
		{CDEAE3A9-5521-4EEB-8728-4B8A8A24A65E}.Release|Any CPU.ActiveCfg = Release|Any CPU
		{CDEAE3A9-5521-4EEB-8728-4B8A8A24A65E}.Release|Any CPU.Build.0 = Release|Any CPU
		{09F27A01-660F-4FD3-A603-06F3497BD43D}.Debug|Any CPU.ActiveCfg = Debug|Any CPU
		{09F27A01-660F-4FD3-A603-06F3497BD43D}.Debug|Any CPU.Build.0 = Debug|Any CPU
		{09F27A01-660F-4FD3-A603-06F3497BD43D}.Release|Any CPU.ActiveCfg = Release|Any CPU
		{09F27A01-660F-4FD3-A603-06F3497BD43D}.Release|Any CPU.Build.0 = Release|Any CPU
		{B03D2D43-3E66-4F12-8D88-ABBDC00295BF}.Debug|Any CPU.ActiveCfg = Debug|Any CPU
		{B03D2D43-3E66-4F12-8D88-ABBDC00295BF}.Debug|Any CPU.Build.0 = Debug|Any CPU
		{B03D2D43-3E66-4F12-8D88-ABBDC00295BF}.Release|Any CPU.ActiveCfg = Release|Any CPU
		{B03D2D43-3E66-4F12-8D88-ABBDC00295BF}.Release|Any CPU.Build.0 = Release|Any CPU
		{591564BE-EA17-4487-827A-CBC2D908051A}.Debug|Any CPU.ActiveCfg = Debug|Any CPU
		{591564BE-EA17-4487-827A-CBC2D908051A}.Debug|Any CPU.Build.0 = Debug|Any CPU
		{591564BE-EA17-4487-827A-CBC2D908051A}.Release|Any CPU.ActiveCfg = Release|Any CPU
		{591564BE-EA17-4487-827A-CBC2D908051A}.Release|Any CPU.Build.0 = Release|Any CPU
		{8E0D409D-9532-48FA-A191-3A011600535D}.Debug|Any CPU.ActiveCfg = Debug|Any CPU
		{8E0D409D-9532-48FA-A191-3A011600535D}.Debug|Any CPU.Build.0 = Debug|Any CPU
		{8E0D409D-9532-48FA-A191-3A011600535D}.Release|Any CPU.ActiveCfg = Release|Any CPU
		{8E0D409D-9532-48FA-A191-3A011600535D}.Release|Any CPU.Build.0 = Release|Any CPU
		{45BC373A-50C5-4DC6-9E98-F68A0D24080B}.Debug|Any CPU.ActiveCfg = Debug|Any CPU
		{45BC373A-50C5-4DC6-9E98-F68A0D24080B}.Debug|Any CPU.Build.0 = Debug|Any CPU
		{45BC373A-50C5-4DC6-9E98-F68A0D24080B}.Release|Any CPU.ActiveCfg = Release|Any CPU
		{45BC373A-50C5-4DC6-9E98-F68A0D24080B}.Release|Any CPU.Build.0 = Release|Any CPU
	EndGlobalSection
	GlobalSection(SolutionProperties) = preSolution
		HideSolutionNode = FALSE
	EndGlobalSection
EndGlobal
